
Microsoft Visual Studio Solution File, Format Version 12.00
# Visual Studio Version 16
VisualStudioVersion = 16.0.28803.202
MinimumVisualStudioVersion = 10.0.40219.1
Project("{9A19103F-16F7-4668-BE54-9A1E7A4F7556}") = "GraphQL-Core", "GraphQL-Core\GraphQL-Core.csproj", "{F3FF24DD-F1F6-4077-A46F-71D38D38662B}"
EndProject
Project("{2150E333-8FDC-42A3-9474-1A3956D46DE8}") = "src", "src", "{DB7AB7CB-A8AC-49BE-A5EC-3C0EA76B0ED7}"
EndProject
Project("{FAE04EC0-301F-11D3-BF4B-00C04F79EFBC}") = "GraphQL-Core.Tests", "GraphQL-Core.Tests\GraphQL-Core.Tests.csproj", "{7B6D8869-A8A7-45A7-9245-A0A864182873}"
EndProject
Global
	GlobalSection(SolutionConfigurationPlatforms) = preSolution
		Debug|Any CPU = Debug|Any CPU
		Release|Any CPU = Release|Any CPU
	EndGlobalSection
	GlobalSection(ProjectConfigurationPlatforms) = postSolution
		{F3FF24DD-F1F6-4077-A46F-71D38D38662B}.Debug|Any CPU.ActiveCfg = Debug|Any CPU
		{F3FF24DD-F1F6-4077-A46F-71D38D38662B}.Debug|Any CPU.Build.0 = Debug|Any CPU
		{F3FF24DD-F1F6-4077-A46F-71D38D38662B}.Release|Any CPU.ActiveCfg = Release|Any CPU
		{F3FF24DD-F1F6-4077-A46F-71D38D38662B}.Release|Any CPU.Build.0 = Release|Any CPU
		{7B6D8869-A8A7-45A7-9245-A0A864182873}.Debug|Any CPU.ActiveCfg = Debug|Any CPU
		{7B6D8869-A8A7-45A7-9245-A0A864182873}.Debug|Any CPU.Build.0 = Debug|Any CPU
		{7B6D8869-A8A7-45A7-9245-A0A864182873}.Release|Any CPU.ActiveCfg = Release|Any CPU
		{7B6D8869-A8A7-45A7-9245-A0A864182873}.Release|Any CPU.Build.0 = Release|Any CPU
	EndGlobalSection
	GlobalSection(SolutionProperties) = preSolution
		HideSolutionNode = FALSE
	EndGlobalSection
	GlobalSection(NestedProjects) = preSolution
		{F3FF24DD-F1F6-4077-A46F-71D38D38662B} = {DB7AB7CB-A8AC-49BE-A5EC-3C0EA76B0ED7}
		{7B6D8869-A8A7-45A7-9245-A0A864182873} = {DB7AB7CB-A8AC-49BE-A5EC-3C0EA76B0ED7}
	EndGlobalSection
	GlobalSection(ExtensibilityGlobals) = postSolution
		SolutionGuid = {2672694F-5A22-4FF3-BCE4-0EDF463C1398}
	EndGlobalSection
EndGlobal
